
Microsoft Visual Studio Solution File, Format Version 12.00
# Visual Studio Version 16
VisualStudioVersion = 25.0.1700.0
MinimumVisualStudioVersion = 10.0.40219.1
Project("{FAE04EC0-301F-11D3-BF4B-00C04F79EFBC}") = "VerifyAzureADToken", "VerifyAzureADToken.csproj", "{1D20C592-19EF-47EE-8378-98C19257F11D}"
EndProject
Global
	GlobalSection(SolutionConfigurationPlatforms) = preSolution
		Debug|Any CPU = Debug|Any CPU
		Release|Any CPU = Release|Any CPU
	EndGlobalSection
	GlobalSection(ProjectConfigurationPlatforms) = postSolution
		{1D20C592-19EF-47EE-8378-98C19257F11D}.Debug|Any CPU.ActiveCfg = Debug|Any CPU
		{1D20C592-19EF-47EE-8378-98C19257F11D}.Debug|Any CPU.Build.0 = Debug|Any CPU
		{1D20C592-19EF-47EE-8378-98C19257F11D}.Release|Any CPU.ActiveCfg = Release|Any CPU
		{1D20C592-19EF-47EE-8378-98C19257F11D}.Release|Any CPU.Build.0 = Release|Any CPU
	EndGlobalSection
	GlobalSection(SolutionProperties) = preSolution
		HideSolutionNode = FALSE
	EndGlobalSection
	GlobalSection(ExtensibilityGlobals) = postSolution
		SolutionGuid = {C5BAB383-2566-4696-A541-62AFDA7E0CBD}
	EndGlobalSection
EndGlobal
